
Microsoft Visual Studio Solution File, Format Version 12.00
# Visual Studio Version 17
VisualStudioVersion = 17.6.33712.159
MinimumVisualStudioVersion = 10.0.40219.1
Project("{FAE04EC0-301F-11D3-BF4B-00C04F79EFBC}") = "HiringApi", "HiringApi\HiringApi.csproj", "{989B7E7E-123A-4CE9-A022-892A2F113A4B}"
EndProject
Global
	GlobalSection(SolutionConfigurationPlatforms) = preSolution
		Debug|Any CPU = Debug|Any CPU
		Release|Any CPU = Release|Any CPU
	EndGlobalSection
	GlobalSection(ProjectConfigurationPlatforms) = postSolution
		{989B7E7E-123A-4CE9-A022-892A2F113A4B}.Debug|Any CPU.ActiveCfg = Debug|Any CPU
		{989B7E7E-123A-4CE9-A022-892A2F113A4B}.Debug|Any CPU.Build.0 = Debug|Any CPU
		{989B7E7E-123A-4CE9-A022-892A2F113A4B}.Release|Any CPU.ActiveCfg = Release|Any CPU
		{989B7E7E-123A-4CE9-A022-892A2F113A4B}.Release|Any CPU.Build.0 = Release|Any CPU
	EndGlobalSection
	GlobalSection(SolutionProperties) = preSolution
		HideSolutionNode = FALSE
	EndGlobalSection
	GlobalSection(ExtensibilityGlobals) = postSolution
		SolutionGuid = {D04C51A6-1DE4-4C2D-B1A4-40DFD73312F0}
	EndGlobalSection
EndGlobal
